
Microsoft Visual Studio Solution File, Format Version 12.00
# Visual Studio 15
VisualStudioVersion = 15.0.27004.2009
MinimumVisualStudioVersion = 10.0.40219.1
Project("{FAE04EC0-301F-11D3-BF4B-00C04F79EFBC}") = "CoreWebClient", "CoreWebClient\CoreWebClient.csproj", "{094A7E6E-C213-4846-A585-857B2562BA21}"
EndProject
Project("{FAE04EC0-301F-11D3-BF4B-00C04F79EFBC}") = "ModelsAndInterfaces", "ModelsAndInterfaces\ModelsAndInterfaces.csproj", "{C84E470E-7C5E-4BEE-B466-533366F206AC}"
EndProject
Project("{FAE04EC0-301F-11D3-BF4B-00C04F79EFBC}") = "Repositories", "Repositories\Repositories.csproj", "{C047C10D-D013-4147-854C-E0FA8F68AC0B}"
EndProject
Global
	GlobalSection(SolutionConfigurationPlatforms) = preSolution
		Debug|Any CPU = Debug|Any CPU
		Release|Any CPU = Release|Any CPU
	EndGlobalSection
	GlobalSection(ProjectConfigurationPlatforms) = postSolution
		{094A7E6E-C213-4846-A585-857B2562BA21}.Debug|Any CPU.ActiveCfg = Debug|Any CPU
		{094A7E6E-C213-4846-A585-857B2562BA21}.Debug|Any CPU.Build.0 = Debug|Any CPU
		{094A7E6E-C213-4846-A585-857B2562BA21}.Release|Any CPU.ActiveCfg = Release|Any CPU
		{094A7E6E-C213-4846-A585-857B2562BA21}.Release|Any CPU.Build.0 = Release|Any CPU
		{C84E470E-7C5E-4BEE-B466-533366F206AC}.Debug|Any CPU.ActiveCfg = Debug|Any CPU
		{C84E470E-7C5E-4BEE-B466-533366F206AC}.Debug|Any CPU.Build.0 = Debug|Any CPU
		{C84E470E-7C5E-4BEE-B466-533366F206AC}.Release|Any CPU.ActiveCfg = Release|Any CPU
		{C84E470E-7C5E-4BEE-B466-533366F206AC}.Release|Any CPU.Build.0 = Release|Any CPU
		{C047C10D-D013-4147-854C-E0FA8F68AC0B}.Debug|Any CPU.ActiveCfg = Debug|Any CPU
		{C047C10D-D013-4147-854C-E0FA8F68AC0B}.Debug|Any CPU.Build.0 = Debug|Any CPU
		{C047C10D-D013-4147-854C-E0FA8F68AC0B}.Release|Any CPU.ActiveCfg = Release|Any CPU
		{C047C10D-D013-4147-854C-E0FA8F68AC0B}.Release|Any CPU.Build.0 = Release|Any CPU
	EndGlobalSection
	GlobalSection(SolutionProperties) = preSolution
		HideSolutionNode = FALSE
	EndGlobalSection
	GlobalSection(ExtensibilityGlobals) = postSolution
		SolutionGuid = {585C8850-A9CB-46FF-A809-1226B1943114}
	EndGlobalSection
EndGlobal
